Microsoft Visual Studio Solution File, Format Version 12.00
# Visual Studio 16
Project("{8BC9CEB8-8B4A-11D0-8D11-00A0C91BC942}") = "ALL_BUILD", "ALL_BUILD.vcxproj", "{ED6B403C-7B49-35C4-84A9-4A1BA8DDBF24}"
	ProjectSection(ProjectDependencies) = postProject
		{C0D38E28-66C7-3612-B2AE-F828BA6FE4D2} = {C0D38E28-66C7-3612-B2AE-F828BA6FE4D2}
	EndProjectSection
EndProject
Project("{8BC9CEB8-8B4A-11D0-8D11-00A0C91BC942}") = "ZERO_CHECK", "ZERO_CHECK.vcxproj", "{C0D38E28-66C7-3612-B2AE-F828BA6FE4D2}"
	ProjectSection(ProjectDependencies) = postProject
	EndProjectSection
EndProject
Global
	GlobalSection(SolutionConfigurationPlatforms) = preSolution
		Debug|x64 = Debug|x64
		Release|x64 = Release|x64
		MinSizeRel|x64 = MinSizeRel|x64
		RelWithDebInfo|x64 = RelWithDebInfo|x64
	EndGlobalSection
	GlobalSection(ProjectConfigurationPlatforms) = postSolution
		{ED6B403C-7B49-35C4-84A9-4A1BA8DDBF24}.Debug|x64.ActiveCfg = Debug|x64
		{ED6B403C-7B49-35C4-84A9-4A1BA8DDBF24}.Release|x64.ActiveCfg = Release|x64
		{ED6B403C-7B49-35C4-84A9-4A1BA8DDBF24}.MinSizeRel|x64.ActiveCfg = MinSizeRel|x64
		{ED6B403C-7B49-35C4-84A9-4A1BA8DDBF24}.RelWithDebInfo|x64.ActiveCfg = RelWithDebInfo|x64
		{C0D38E28-66C7-3612-B2AE-F828BA6FE4D2}.Debug|x64.ActiveCfg = Debug|x64
		{C0D38E28-66C7-3612-B2AE-F828BA6FE4D2}.Debug|x64.Build.0 = Debug|x64
		{C0D38E28-66C7-3612-B2AE-F828BA6FE4D2}.Release|x64.ActiveCfg = Release|x64
		{C0D38E28-66C7-3612-B2AE-F828BA6FE4D2}.Release|x64.Build.0 = Release|x64
		{C0D38E28-66C7-3612-B2AE-F828BA6FE4D2}.MinSizeRel|x64.ActiveCfg = MinSizeRel|x64
		{C0D38E28-66C7-3612-B2AE-F828BA6FE4D2}.MinSizeRel|x64.Build.0 = MinSizeRel|x64
		{C0D38E28-66C7-3612-B2AE-F828BA6FE4D2}.RelWithDebInfo|x64.ActiveCfg = RelWithDebInfo|x64
		{C0D38E28-66C7-3612-B2AE-F828BA6FE4D2}.RelWithDebInfo|x64.Build.0 = RelWithDebInfo|x64
	EndGlobalSection
	GlobalSection(ExtensibilityGlobals) = postSolution
		SolutionGuid = {E482AF85-F6AD-3A1A-9115-7AF353D3259C}
	EndGlobalSection
	GlobalSection(ExtensibilityAddIns) = postSolution
	EndGlobalSection
EndGlobal
